# This file is automatically @generated by Poetry 2.1.2 and should not be changed by hand.

[[package]]
name = "asgiref"
version = "3.8.1"
description = "ASGI specs, helper code, and adapters"
optional = false
python-versions = ">=3.8"
groups = ["main"]
files = [
    {file = "asgiref-3.8.1-py3-none-any.whl", hash = "sha256:3e1e3ecc849832fe52ccf2cb6686b7a55f82bb1d6aee72a58826471390335e47"},
    {file = "asgiref-3.8.1.tar.gz", hash = "sha256:c343bd80a0bec947a9860adb4c432ffa7db769836c64238fc34bdc3fec84d590"},
]

[package.extras]
tests = ["mypy (>=0.800)", "pytest", "pytest-asyncio"]

[[package]]
name = "colorama"
version = "0.4.6"
description = "Cross-platform colored terminal text."
optional = false
python-versions = "!=3.0.*,!=3.1.*,!=3.2.*,!=3.3.*,!=3.4.*,!=3.5.*,!=3.6.*,>=2.7"
groups = ["dev"]
markers = "sys_platform == \"win32\""
files = [
    {file = "colorama-0.4.6-py2.py3-none-any.whl", hash = "sha256:4f1d9991f5acc0ca119f9d443620b77f9d6b33703e51011c16baf57afb285fc6"},
    {file = "colorama-0.4.6.tar.gz", hash = "sha256:08695f5cb7ed6e0531a20572697297273c47b8cae5a63ffc6d6ed5c201be6e44"},
]

[[package]]
name = "coverage"
version = "7.8.0"
description = "Code coverage measurement for Python"
optional = false
python-versions = ">=3.9"
groups = ["dev"]
files = [
    {file = "coverage-7.8.0-cp310-cp310-macosx_10_9_x86_64.whl", hash = "sha256:2931f66991175369859b5fd58529cd4b73582461877ecfd859b6549869287ffe"},
    {file = "coverage-7.8.0-cp310-cp310-macosx_11_0_arm64.whl", hash = "sha256:52a523153c568d2c0ef8826f6cc23031dc86cffb8c6aeab92c4ff776e7951b28"},
    {file = "coverage-7.8.0-cp310-cp310-manylinux_2_17_aarch64.manylinux2014_aarch64.whl", hash = "sha256:5c8a5c139aae4c35cbd7cadca1df02ea8cf28a911534fc1b0456acb0b14234f3"},
    {file = "coverage-7.8.0-cp310-cp310-manylinux_2_5_i686.manylinux1_i686.manylinux_2_17_i686.manylinux2014_i686.whl", hash = "sha256:5a26c0c795c3e0b63ec7da6efded5f0bc856d7c0b24b2ac84b4d1d7bc578d676"},
    {file = "coverage-7.8.0-cp310-cp310-manylinux_2_5_x86_64.manylinux1_x86_64.manylinux_2_17_x86_64.manylinux2014_x86_64.whl", hash = "sha256:821f7bcbaa84318287115d54becb1915eece6918136c6f91045bb84e2f88739d"},
    {file = "coverage-7.8.0-cp310-cp310-musllinux_1_2_aarch64.whl", hash = "sha256:a321c61477ff8ee705b8a5fed370b5710c56b3a52d17b983d9215861e37b642a"},
    {file = "coverage-7.8.0-cp310-cp310-musllinux_1_2_i686.whl", hash = "sha256:ed2144b8a78f9d94d9515963ed273d620e07846acd5d4b0a642d4849e8d91a0c"},
    {file = "coverage-7.8.0-cp310-cp310-musllinux_1_2_x86_64.whl", hash = "sha256:042e7841a26498fff7a37d6fda770d17519982f5b7d8bf5278d140b67b61095f"},
    {file = "coverage-7.8.0-cp310-cp310-win32.whl", hash = "sha256:f9983d01d7705b2d1f7a95e10bbe4091fabc03a46881a256c2787637b087003f"},
    {file = "coverage-7.8.0-cp310-cp310-win_amd64.whl", hash = "sha256:5a570cd9bd20b85d1a0d7b009aaf6c110b52b5755c17be6962f8ccd65d1dbd23"},
    {file = "coverage-7.8.0-cp311-cp311-macosx_10_9_x86_64.whl", hash = "sha256:e7ac22a0bb2c7c49f441f7a6d46c9c80d96e56f5a8bc6972529ed43c8b694e27"},
    {file = "coverage-7.8.0-cp311-cp311-macosx_11_0_arm64.whl", hash = "sha256:bf13d564d310c156d1c8e53877baf2993fb3073b2fc9f69790ca6a732eb4bfea"},
    {file = "coverage-7.8.0-cp311-cp311-manylinux_2_17_aarch64.manylinux2014_aarch64.whl", hash = "sha256:a5761c70c017c1b0d21b0815a920ffb94a670c8d5d409d9b38857874c21f70d7"},
    {file = "coverage-7.8.0-cp311-cp311-manylinux_2_5_i686.manylinux1_i686.manylinux_2_17_i686.manylinux2014_i686.whl", hash = "sha256:e5ff52d790c7e1628241ffbcaeb33e07d14b007b6eb00a19320c7b8a7024c040"},
    {file = "coverage-7.8.0-cp311-cp311-manylinux_2_5_x86_64.manylinux1_x86_64.manylinux_2_17_x86_64.manylinux2014_x86_64.whl", hash = "sha256:d39fc4817fd67b3915256af5dda75fd4ee10621a3d484524487e33416c6f3543"},
    {file = "coverage-7.8.0-cp311-cp311-musllinux_1_2_aarch64.whl", hash = "sha256:b44674870709017e4b4036e3d0d6c17f06a0e6d4436422e0ad29b882c40697d2"},
    {file = "coverage-7.8.0-cp311-cp311-musllinux_1_2_i686.whl", hash = "sha256:8f99eb72bf27cbb167b636eb1726f590c00e1ad375002230607a844d9e9a2318"},
    {file = "coverage-7.8.0-cp311-cp311-musllinux_1_2_x86_64.whl", hash = "sha256:b571bf5341ba8c6bc02e0baeaf3b061ab993bf372d982ae509807e7f112554e9"},
    {file = "coverage-7.8.0-cp311-cp311-win32.whl", hash = "sha256:e75a2ad7b647fd8046d58c3132d7eaf31b12d8a53c0e4b21fa9c4d23d6ee6d3c"},
    {file = "coverage-7.8.0-cp311-cp311-win_amd64.whl", hash = "sha256:3043ba1c88b2139126fc72cb48574b90e2e0546d4c78b5299317f61b7f718b78"},
    {file = "coverage-7.8.0-cp312-cp312-macosx_10_13_x86_64.whl", hash = "sha256:bbb5cc845a0292e0c520656d19d7ce40e18d0e19b22cb3e0409135a575bf79fc"},
    {file = "coverage-7.8.0-cp312-cp312-macosx_11_0_arm64.whl", hash = "sha256:4dfd9a93db9e78666d178d4f08a5408aa3f2474ad4d0e0378ed5f2ef71640cb6"},
    {file = "coverage-7.8.0-cp312-cp312-manylinux_2_17_aarch64.manylinux2014_aarch64.whl", hash = "sha256:f017a61399f13aa6d1039f75cd467be388d157cd81f1a119b9d9a68ba6f2830d"},
    {file = "coverage-7.8.0-cp312-cp312-manylinux_2_5_i686.manylinux1_i686.manylinux_2_17_i686.manylinux2014_i686.whl", hash = "sha256:0915742f4c82208ebf47a2b154a5334155ed9ef9fe6190674b8a46c2fb89cb05"},
    {file = "coverage-7.8.0-cp312-cp312-manylinux_2_5_x86_64.manylinux1_x86_64.manylinux_2_17_x86_64.manylinux2014_x86_64.whl", hash = "sha256:8a40fcf208e021eb14b0fac6bdb045c0e0cab53105f93ba0d03fd934c956143a"},
    {file = "coverage-7.8.0-cp312-cp312-musllinux_1_2_aarch64.whl", hash = "sha256:a1f406a8e0995d654b2ad87c62caf6befa767885301f3b8f6f73e6f3c31ec3a6"},
    {file = "coverage-7.8.0-cp312-cp312-musllinux_1_2_i686.whl", hash = "sha256:77af0f6447a582fdc7de5e06fa3757a3ef87769fbb0fdbdeba78c23049140a47"},
    {file = "coverage-7.8.0-cp312-cp312-musllinux_1_2_x86_64.whl", hash = "sha256:f2d32f95922927186c6dbc8bc60df0d186b6edb828d299ab10898ef3f40052fe"},
    {file = "coverage-7.8.0-cp312-cp312-win32.whl", hash = "sha256:769773614e676f9d8e8a0980dd7740f09a6ea386d0f383db6821df07d0f08545"},
    {file = "coverage-7.8.0-cp312-cp312-win_amd64.whl", hash = "sha256:e5d2b9be5b0693cf21eb4ce0ec8d211efb43966f6657807f6859aab3814f946b"},
    {file = "coverage-7.8.0-cp313-cp313-macosx_10_13_x86_64.whl", hash = "sha256:5ac46d0c2dd5820ce93943a501ac5f6548ea81594777ca585bf002aa8854cacd"},
    {file = "coverage-7.8.0-cp313-cp313-macosx_11_0_arm64.whl", hash = "sha256:771eb7587a0563ca5bb6f622b9ed7f9d07bd08900f7589b4febff05f469bea00"},
    {file = "coverage-7.8.0-cp313-cp313-manylinux_2_17_aarch64.manylinux2014_aarch64.whl", hash = "sha256:42421e04069fb2cbcbca5a696c4050b84a43b05392679d4068acbe65449b5c64"},
    {file = "coverage-7.8.0-cp313-cp313-manylinux_2_5_i686.manylinux1_i686.manylinux_2_17_i686.manylinux2014_i686.whl", hash = "sha256:554fec1199d93ab30adaa751db68acec2b41c5602ac944bb19187cb9a41a8067"},
    {file = "coverage-7.8.0-cp313-cp313-manylinux_2_5_x86_64.manylinux1_x86_64.manylinux_2_17_x86_64.manylinux2014_x86_64.whl", hash = "sha256:5aaeb00761f985007b38cf463b1d160a14a22c34eb3f6a39d9ad6fc27cb73008"},
    {file = "coverage-7.8.0-cp313-cp313-musllinux_1_2_aarch64.whl", hash = "sha256:581a40c7b94921fffd6457ffe532259813fc68eb2bdda60fa8cc343414ce3733"},
    {file = "coverage-7.8.0-cp313-cp313-musllinux_1_2_i686.whl", hash = "sha256:f319bae0321bc838e205bf9e5bc28f0a3165f30c203b610f17ab5552cff90323"},
    {file = "coverage-7.8.0-cp313-cp313-musllinux_1_2_x86_64.whl", hash = "sha256:04bfec25a8ef1c5f41f5e7e5c842f6b615599ca8ba8391ec33a9290d9d2db3a3"},
    {file = "coverage-7.8.0-cp313-cp313-win32.whl", hash = "sha256:dd19608788b50eed889e13a5d71d832edc34fc9dfce606f66e8f9f917eef910d"},
    {file = "coverage-7.8.0-cp313-cp313-win_amd64.whl", hash = "sha256:a9abbccd778d98e9c7e85038e35e91e67f5b520776781d9a1e2ee9d400869487"},
    {file = "coverage-7.8.0-cp313-cp313t-macosx_10_13_x86_64.whl", hash = "sha256:18c5ae6d061ad5b3e7eef4363fb27a0576012a7447af48be6c75b88494c6cf25"},
    {file = "coverage-7.8.0-cp313-cp313t-macosx_11_0_arm64.whl", hash = "sha256:95aa6ae391a22bbbce1b77ddac846c98c5473de0372ba5c463480043a07bff42"},
    {file = "coverage-7.8.0-cp313-cp313t-manylinux_2_17_aarch64.manylinux2014_aarch64.whl", hash = "sha256:e013b07ba1c748dacc2a80e69a46286ff145935f260eb8c72df7185bf048f502"},
    {file = "coverage-7.8.0-cp313-cp313t-manylinux_2_5_i686.manylinux1_i686.manylinux_2_17_i686.manylinux2014_i686.whl", hash = "sha256:d766a4f0e5aa1ba056ec3496243150698dc0481902e2b8559314368717be82b1"},
    {file = "coverage-7.8.0-cp313-cp313t-manylinux_2_5_x86_64.manylinux1_x86_64.manylinux_2_17_x86_64.manylinux2014_x86_64.whl", hash = "sha256:ad80e6b4a0c3cb6f10f29ae4c60e991f424e6b14219d46f1e7d442b938ee68a4"},
    {file = "coverage-7.8.0-cp313-cp313t-musllinux_1_2_aarch64.whl", hash = "sha256:b87eb6fc9e1bb8f98892a2458781348fa37e6925f35bb6ceb9d4afd54ba36c73"},
    {file = "coverage-7.8.0-cp313-cp313t-musllinux_1_2_i686.whl", hash = "sha256:d1ba00ae33be84066cfbe7361d4e04dec78445b2b88bdb734d0d1cbab916025a"},
    {file = "coverage-7.8.0-cp313-cp313t-musllinux_1_2_x86_64.whl", hash = "sha256:f3c38e4e5ccbdc9198aecc766cedbb134b2d89bf64533973678dfcf07effd883"},
    {file = "coverage-7.8.0-cp313-cp313t-win32.whl", hash = "sha256:379fe315e206b14e21db5240f89dc0774bdd3e25c3c58c2c733c99eca96f1ada"},
    {file = "coverage-7.8.0-cp313-cp313t-win_amd64.whl", hash = "sha256:2e4b6b87bb0c846a9315e3ab4be2d52fac905100565f4b92f02c445c8799e257"},
    {file = "coverage-7.8.0-cp39-cp39-macosx_10_9_x86_64.whl", hash = "sha256:fa260de59dfb143af06dcf30c2be0b200bed2a73737a8a59248fcb9fa601ef0f"},
    {file = "coverage-7.8.0-cp39-cp39-macosx_11_0_arm64.whl", hash = "sha256:96121edfa4c2dfdda409877ea8608dd01de816a4dc4a0523356067b305e4e17a"},
    {file = "coverage-7.8.0-cp39-cp39-manylinux_2_17_aarch64.manylinux2014_aarch64.whl", hash = "sha256:6b8af63b9afa1031c0ef05b217faa598f3069148eeee6bb24b79da9012423b82"},
    {file = "coverage-7.8.0-cp39-cp39-manylinux_2_5_i686.manylinux1_i686.manylinux_2_17_i686.manylinux2014_i686.whl", hash = "sha256:89b1f4af0d4afe495cd4787a68e00f30f1d15939f550e869de90a86efa7e0814"},
    {file = "coverage-7.8.0-cp39-cp39-manylinux_2_5_x86_64.manylinux1_x86_64.manylinux_2_17_x86_64.manylinux2014_x86_64.whl", hash = "sha256:94ec0be97723ae72d63d3aa41961a0b9a6f5a53ff599813c324548d18e3b9e8c"},
    {file = "coverage-7.8.0-cp39-cp39-musllinux_1_2_aarch64.whl", hash = "sha256:8a1d96e780bdb2d0cbb297325711701f7c0b6f89199a57f2049e90064c29f6bd"},
    {file = "coverage-7.8.0-cp39-cp39-musllinux_1_2_i686.whl", hash = "sha256:f1d8a2a57b47142b10374902777e798784abf400a004b14f1b0b9eaf1e528ba4"},
    {file = "coverage-7.8.0-cp39-cp39-musllinux_1_2_x86_64.whl", hash = "sha256:cf60dd2696b457b710dd40bf17ad269d5f5457b96442f7f85722bdb16fa6c899"},
    {file = "coverage-7.8.0-cp39-cp39-win32.whl", hash = "sha256:be945402e03de47ba1872cd5236395e0f4ad635526185a930735f66710e1bd3f"},
    {file = "coverage-7.8.0-cp39-cp39-win_amd64.whl", hash = "sha256:90e7fbc6216ecaffa5a880cdc9c77b7418c1dcb166166b78dbc630d07f278cc3"},
    {file = "coverage-7.8.0-pp39.pp310.pp311-none-any.whl", hash = "sha256:b8194fb8e50d556d5849753de991d390c5a1edeeba50f68e3a9253fbd8bf8ccd"},
    {file = "coverage-7.8.0-py3-none-any.whl", hash = "sha256:dbf364b4c5e7bae9250528167dfe40219b62e2d573c854d74be213e1e52069f7"},
    {file = "coverage-7.8.0.tar.gz", hash = "sha256:7a3d62b3b03b4b6fd41a085f3574874cf946cb4604d2b4d3e8dca8cd570ca501"},
]

[package.extras]
toml = ["tomli ; python_full_version <= \"3.11.0a6\""]

[[package]]
name = "django"
version = "5.2"
description = "A high-level Python web framework that encourages rapid development and clean, pragmatic design."
optional = false
python-versions = ">=3.10"
groups = ["main"]
files = [
    {file = "Django-5.2-py3-none-any.whl", hash = "sha256:91ceed4e3a6db5aedced65e3c8f963118ea9ba753fc620831c77074e620e7d83"},
    {file = "Django-5.2.tar.gz", hash = "sha256:1a47f7a7a3d43ce64570d350e008d2949abe8c7e21737b351b6a1611277c6d89"},
]

[package.dependencies]
asgiref = ">=3.8.1"
sqlparse = ">=0.3.1"
tzdata = {version = "*", markers = "sys_platform == \"win32\""}

[package.extras]
argon2 = ["argon2-cffi (>=19.1.0)"]
bcrypt = ["bcrypt"]

[[package]]
name = "django-environ"
version = "0.12.0"
description = "A package that allows you to utilize 12factor inspired environment variables to configure your Django application."
optional = false
python-versions = "<4,>=3.9"
groups = ["main"]
files = [
    {file = "django_environ-0.12.0-py2.py3-none-any.whl", hash = "sha256:92fb346a158abda07ffe6eb23135ce92843af06ecf8753f43adf9d2366dcc0ca"},
    {file = "django_environ-0.12.0.tar.gz", hash = "sha256:227dc891453dd5bde769c3449cf4a74b6f2ee8f7ab2361c93a07068f4179041a"},
]

[package.extras]
develop = ["coverage[toml] (>=5.0a4)", "furo (>=2024.8.6)", "pytest (>=4.6.11)", "setuptools (>=71.0.0)", "sphinx (>=5.0)", "sphinx-notfound-page"]
docs = ["furo (>=2024.8.6)", "sphinx (>=5.0)", "sphinx-notfound-page"]
testing = ["coverage[toml] (>=5.0a4)", "pytest (>=4.6.11)", "setuptools (>=71.0.0)"]

[[package]]
name = "djangorestframework"
version = "3.16.0"
description = "Web APIs for Django, made easy."
optional = false
python-versions = ">=3.9"
groups = ["main"]
files = [
    {file = "djangorestframework-3.16.0-py3-none-any.whl", hash = "sha256:bea7e9f6b96a8584c5224bfb2e4348dfb3f8b5e34edbecb98da258e892089361"},
    {file = "djangorestframework-3.16.0.tar.gz", hash = "sha256:f022ff46613584de994c0c6a4aebbace5fd700555fbe9d33b865ebf173eba6c9"},
]

[package.dependencies]
django = ">=4.2"

[[package]]
name = "djangorestframework-simplejwt"
version = "5.5.0"
description = "A minimal JSON Web Token authentication plugin for Django REST Framework"
optional = false
python-versions = ">=3.9"
groups = ["main"]
files = [
    {file = "djangorestframework_simplejwt-5.5.0-py3-none-any.whl", hash = "sha256:4ef6b38af20cdde4a4a51d1fd8e063cbbabb7b45f149cc885d38d905c5a62edb"},
    {file = "djangorestframework_simplejwt-5.5.0.tar.gz", hash = "sha256:474a1b737067e6462b3609627a392d13a4da8a08b1f0574104ac6d7b1406f90e"},
]

[package.dependencies]
django = ">=4.2"
djangorestframework = ">=3.14"
pyjwt = ">=1.7.1,<2.10.0"

[package.extras]
crypto = ["cryptography (>=3.3.1)"]
dev = ["Sphinx (>=1.6.5,<2)", "cryptography", "freezegun", "ipython", "pre-commit", "pytest", "pytest-cov", "pytest-django", "pytest-watch", "pytest-xdist", "python-jose (==3.3.0)", "pyupgrade", "ruff", "sphinx_rtd_theme (>=0.1.9)", "tox", "twine", "wheel", "yesqa"]
doc = ["Sphinx (>=1.6.5,<2)", "sphinx_rtd_theme (>=0.1.9)"]
lint = ["pre-commit", "pyupgrade", "ruff", "yesqa"]
python-jose = ["python-jose (==3.3.0)"]
test = ["cryptography", "freezegun", "pytest", "pytest-cov", "pytest-django", "pytest-xdist", "tox"]

[[package]]
name = "factory-boy"
version = "3.3.3"
description = "A versatile test fixtures replacement based on thoughtbot's factory_bot for Ruby."
optional = false
python-versions = ">=3.8"
groups = ["dev"]
files = [
    {file = "factory_boy-3.3.3-py2.py3-none-any.whl", hash = "sha256:1c39e3289f7e667c4285433f305f8d506efc2fe9c73aaea4151ebd5cdea394fc"},
    {file = "factory_boy-3.3.3.tar.gz", hash = "sha256:866862d226128dfac7f2b4160287e899daf54f2612778327dd03d0e2cb1e3d03"},
]

[package.dependencies]
Faker = ">=0.7.0"

[package.extras]
dev = ["Django", "Pillow", "SQLAlchemy", "coverage", "flake8", "isort", "mongoengine", "mongomock", "mypy", "tox", "wheel (>=0.32.0)", "zest.releaser[recommended]"]
doc = ["Sphinx", "sphinx-rtd-theme", "sphinxcontrib-spelling"]

[[package]]
name = "faker"
version = "37.1.0"
description = "Faker is a Python package that generates fake data for you."
optional = false
python-versions = ">=3.9"
groups = ["dev"]
files = [
    {file = "faker-37.1.0-py3-none-any.whl", hash = "sha256:dc2f730be71cb770e9c715b13374d80dbcee879675121ab51f9683d262ae9a1c"},
    {file = "faker-37.1.0.tar.gz", hash = "sha256:ad9dc66a3b84888b837ca729e85299a96b58fdaef0323ed0baace93c9614af06"},
]

[package.dependencies]
tzdata = "*"

[[package]]
name = "iniconfig"
version = "2.1.0"
description = "brain-dead simple config-ini parsing"
optional = false
python-versions = ">=3.8"
groups = ["dev"]
files = [
    {file = "iniconfig-2.1.0-py3-none-any.whl", hash = "sha256:9deba5723312380e77435581c6bf4935c94cbfab9b1ed33ef8d238ea168eb760"},
    {file = "iniconfig-2.1.0.tar.gz", hash = "sha256:3abbd2e30b36733fee78f9c7f7308f2d0050e88f0087fd25c2645f63c773e1c7"},
]

[[package]]
name = "packaging"
version = "24.2"
description = "Core utilities for Python packages"
optional = false
python-versions = ">=3.8"
groups = ["dev"]
files = [
    {file = "packaging-24.2-py3-none-any.whl", hash = "sha256:09abb1bccd265c01f4a3aa3f7a7db064b36514d2cba19a2f694fe6150451a759"},
    {file = "packaging-24.2.tar.gz", hash = "sha256:c228a6dc5e932d346bc5739379109d49e8853dd8223571c7c5b55260edc0b97f"},
]

[[package]]
name = "pluggy"
version = "1.5.0"
description = "plugin and hook calling mechanisms for python"
optional = false
python-versions = ">=3.8"
groups = ["dev"]
files = [
    {file = "pluggy-1.5.0-py3-none-any.whl", hash = "sha256:44e1ad92c8ca002de6377e165f3e0f1be63266ab4d554740532335b9d75ea669"},
    {file = "pluggy-1.5.0.tar.gz", hash = "sha256:2cffa88e94fdc978c4c574f15f9e59b7f4201d439195c3715ca9e2486f1d0cf1"},
]

[package.extras]
dev = ["pre-commit", "tox"]
testing = ["pytest", "pytest-benchmark"]

[[package]]
name = "psycopg"
version = "3.2.6"
description = "PostgreSQL database adapter for Python"
optional = false
python-versions = ">=3.8"
groups = ["main"]
files = [
    {file = "psycopg-3.2.6-py3-none-any.whl", hash = "sha256:f3ff5488525890abb0566c429146add66b329e20d6d4835662b920cbbf90ac58"},
    {file = "psycopg-3.2.6.tar.gz", hash = "sha256:16fa094efa2698f260f2af74f3710f781e4a6f226efe9d1fd0c37f384639ed8a"},
]

[package.dependencies]
psycopg-binary = {version = "3.2.6", optional = true, markers = "implementation_name != \"pypy\" and extra == \"binary\""}
typing-extensions = {version = ">=4.6", markers = "python_version < \"3.13\""}
tzdata = {version = "*", markers = "sys_platform == \"win32\""}

[package.extras]
binary = ["psycopg-binary (==3.2.6) ; implementation_name != \"pypy\""]
c = ["psycopg-c (==3.2.6) ; implementation_name != \"pypy\""]
dev = ["ast-comments (>=1.1.2)", "black (>=24.1.0)", "codespell (>=2.2)", "dnspython (>=2.1)", "flake8 (>=4.0)", "isort-psycopg", "isort[colors] (>=6.0)", "mypy (>=1.14)", "pre-commit (>=4.0.1)", "types-setuptools (>=57.4)", "wheel (>=0.37)"]
docs = ["Sphinx (>=5.0)", "furo (==2022.6.21)", "sphinx-autobuild (>=2021.3.14)", "sphinx-autodoc-typehints (>=1.12)"]
pool = ["psycopg-pool"]
test = ["anyio (>=4.0)", "mypy (>=1.14)", "pproxy (>=2.7)", "pytest (>=6.2.5)", "pytest-cov (>=3.0)", "pytest-randomly (>=3.5)"]

[[package]]
name = "psycopg-binary"
version = "3.2.6"
description = "PostgreSQL database adapter for Python -- C optimisation distribution"
optional = false
python-versions = ">=3.8"
groups = ["main"]
markers = "implementation_name != \"pypy\""
files = [
    {file = "psycopg_binary-3.2.6-cp310-cp310-macosx_10_9_x86_64.whl", hash = "sha256:1b639acb3e24243c23f75700bf6e3af7b76da92523ec7c3196a13aaf0b578453"},
    {file = "psycopg_binary-3.2.6-cp310-cp310-macosx_11_0_arm64.whl", hash = "sha256:1b5c359173726b38d7acbb9f73270f269591d8031d099c1a70dd3f3d22b0e8a8"},
    {file = "psycopg_binary-3.2.6-cp310-cp310-manylinux_2_17_aarch64.manylinux2014_aarch64.whl", hash = "sha256:3434efe7c00f505f4c1e531519dac6c701df738ba7a1328eac81118d80019132"},
    {file = "psycopg_binary-3.2.6-cp310-cp310-manylinux_2_17_i686.manylinux2014_i686.whl", hash = "sha256:9bca8d9643191b13193940bbf84d51ac5a747e965c230177258fb02b8043fb7a"},
    {file = "psycopg_binary-3.2.6-cp310-cp310-manylinux_2_17_ppc64le.manylinux2014_ppc64le.whl", hash = "sha256:55fa40f11d37e6e5149a282a5fd7e0734ce55c623673bfba638480914fd1414c"},
    {file = "psycopg_binary-3.2.6-cp310-cp310-manylinux_2_17_x86_64.manylinux2014_x86_64.whl", hash = "sha256:0690ac1061c655b1bcbe9284d07bf5276bc9c0d788a6c74aaf3b042e64984b83"},
    {file = "psycopg_binary-3.2.6-cp310-cp310-musllinux_1_2_aarch64.whl", hash = "sha256:e9a4a9967ff650d2821d5fad6bec7b15f4c2072603e9fa3f89a39f351ade1fd3"},
    {file = "psycopg_binary-3.2.6-cp310-cp310-musllinux_1_2_i686.whl", hash = "sha256:d6f2894cc7aee8a15fe591e8536911d9c015cb404432cf7bdac2797e54cb2ba8"},
    {file = "psycopg_binary-3.2.6-cp310-cp310-musllinux_1_2_ppc64le.whl", hash = "sha256:05560c81312d7c2bee95a9860cd25198677f2320fb4a3527bc04e8cae7fcfb64"},
    {file = "psycopg_binary-3.2.6-cp310-cp310-musllinux_1_2_x86_64.whl", hash = "sha256:4269cd23a485d6dd6eb6b10841c94551a53091cf0b1b6d5247a6a341f53f0d95"},
    {file = "psycopg_binary-3.2.6-cp310-cp310-win_amd64.whl", hash = "sha256:7942f35a6f314608720116bcd9de240110ceadffd2ac5c34f68f74a31e52e46a"},
    {file = "psycopg_binary-3.2.6-cp311-cp311-macosx_10_9_x86_64.whl", hash = "sha256:7afe181f6b3eb714362e9b6a2dc2a589bff60471a1d8639fd231a4e426e01523"},
    {file = "psycopg_binary-3.2.6-cp311-cp311-macosx_11_0_arm64.whl", hash = "sha256:34bb0fceba0773dc0bfb53224bb2c0b19dc97ea0a997a223615484cf02cae55c"},
    {file = "psycopg_binary-3.2.6-cp311-cp311-manylinux_2_17_aarch64.manylinux2014_aarch64.whl", hash = "sha256:54120122d2779dcd307f49e1f921d757fe5dacdced27deab37f277eef0c52a5b"},
    {file = "psycopg_binary-3.2.6-cp311-cp311-manylinux_2_17_i686.manylinux2014_i686.whl", hash = "sha256:816aa556f63b2303e66ba6c8888a8b3f3e6e4e47049ec7a4d62c84ac60b091ca"},
    {file = "psycopg_binary-3.2.6-cp311-cp311-manylinux_2_17_ppc64le.manylinux2014_ppc64le.whl", hash = "sha256:d19a0ba351eda9a59babf8c7c9d89c7bbc5b26bf096bc349b096bd0dd2482088"},
    {file = "psycopg_binary-3.2.6-cp311-cp311-manylinux_2_17_x86_64.manylinux2014_x86_64.whl", hash = "sha256:d6e197e01290ef818a092c877025fc28096adbb6d0743e313491a21aab31bd96"},
    {file = "psycopg_binary-3.2.6-cp311-cp311-musllinux_1_2_aarch64.whl", hash = "sha256:274794b4b29ef426e09086404446b61a146f5e756da71366c5a6d57abec31f7d"},
    {file = "psycopg_binary-3.2.6-cp311-cp311-musllinux_1_2_i686.whl", hash = "sha256:69845bdc0db519e1dfc27932cd3d5b1ecb3f72950af52a1987508ab0b52b3b55"},
    {file = "psycopg_binary-3.2.6-cp311-cp311-musllinux_1_2_ppc64le.whl", hash = "sha256:66c3bed2caf0d1cabcb9365064de183b5209a7cbeaa131e79e68f350c9c963c2"},
    {file = "psycopg_binary-3.2.6-cp311-cp311-musllinux_1_2_x86_64.whl", hash = "sha256:e3ae3201fe85c7f901349a2cf52f02ceca4cb97a5e2e2ac8b8a1c9a6eb747bed"},
    {file = "psycopg_binary-3.2.6-cp311-cp311-win_amd64.whl", hash = "sha256:58f443b4df2adb59937c96775fadf4967f93d952fbcc82394446985faec11041"},
    {file = "psycopg_binary-3.2.6-cp312-cp312-macosx_10_13_x86_64.whl", hash = "sha256:f27a46ff0497e882e8c0286e8833c785b4d1a80f23e1bf606f4c90e5f9f3ce75"},
    {file = "psycopg_binary-3.2.6-cp312-cp312-macosx_11_0_arm64.whl", hash = "sha256:b30ee4821ded7de48b8048b14952512588e7c5477b0a5965221e1798afba61a1"},
    {file = "psycopg_binary-3.2.6-cp312-cp312-manylinux_2_17_aarch64.manylinux2014_aarch64.whl", hash = "sha256:e57edf3b1f5427f39660225b01f8e7b97f5cfab132092f014bf1638bc85d81d2"},
    {file = "psycopg_binary-3.2.6-cp312-cp312-manylinux_2_17_i686.manylinux2014_i686.whl", hash = "sha256:6c5172ce3e4ae7a4fd450070210f801e2ce6bc0f11d1208d29268deb0cda34de"},
    {file = "psycopg_binary-3.2.6-cp312-cp312-manylinux_2_17_ppc64le.manylinux2014_ppc64le.whl", hash = "sha256:bcfab3804c43571a6615e559cdc4c4115785d258a4dd71a721be033f5f5f378d"},
    {file = "psycopg_binary-3.2.6-cp312-cp312-manylinux_2_17_x86_64.manylinux2014_x86_64.whl", hash = "sha256:8fa1c920cce16f1205f37b20c685c58b9656b170b8b4c93629100d342d0d118e"},
    {file = "psycopg_binary-3.2.6-cp312-cp312-musllinux_1_2_aarch64.whl", hash = "sha256:2e118d818101c1608c6b5ba52a6c977614d8f05aa89467501172ba4d10588e11"},
    {file = "psycopg_binary-3.2.6-cp312-cp312-musllinux_1_2_i686.whl", hash = "sha256:763319a8bfeca77d31512da71f5a33459b9568a7621c481c3828c62f9c38f351"},
    {file = "psycopg_binary-3.2.6-cp312-cp312-musllinux_1_2_ppc64le.whl", hash = "sha256:2fbc05819560389dbece046966bc88e0f2ea77673497e274c4293b8b4c1d0703"},
    {file = "psycopg_binary-3.2.6-cp312-cp312-musllinux_1_2_x86_64.whl", hash = "sha256:5a57f99bb953b4bd6f32d0a9844664e7f6ca5ead9ba40e96635be3cd30794813"},
    {file = "psycopg_binary-3.2.6-cp312-cp312-win_amd64.whl", hash = "sha256:5de6809e19a465dcb9c269675bded46a135f2d600cd99f0735afbb21ddad2af4"},
    {file = "psycopg_binary-3.2.6-cp313-cp313-macosx_10_13_x86_64.whl", hash = "sha256:54af3fbf871baa2eb19df96fd7dc0cbd88e628a692063c3d1ab5cdd00aa04322"},
    {file = "psycopg_binary-3.2.6-cp313-cp313-macosx_11_0_arm64.whl", hash = "sha256:ad5da1e4636776c21eaeacdec42f25fa4612631a12f25cd9ab34ddf2c346ffb9"},
    {file = "psycopg_binary-3.2.6-cp313-cp313-manylinux_2_17_aarch64.manylinux2014_aarch64.whl", hash = "sha256:f7956b9ea56f79cd86eddcfbfc65ae2af1e4fe7932fa400755005d903c709370"},
    {file = "psycopg_binary-3.2.6-cp313-cp313-manylinux_2_17_i686.manylinux2014_i686.whl", hash = "sha256:1e2efb763188008cf2914820dcb9fb23c10fe2be0d2c97ef0fac7cec28e281d8"},
    {file = "psycopg_binary-3.2.6-cp313-cp313-manylinux_2_17_ppc64le.manylinux2014_ppc64le.whl", hash = "sha256:4b3aab3451679f1e7932270e950259ed48c3b79390022d3f660491c0e65e4838"},
    {file = "psycopg_binary-3.2.6-cp313-cp313-manylinux_2_17_x86_64.manylinux2014_x86_64.whl", hash = "sha256:849a370ac4e125f55f2ad37f928e588291a67ccf91fa33d0b1e042bb3ee1f986"},
    {file = "psycopg_binary-3.2.6-cp313-cp313-musllinux_1_2_aarch64.whl", hash = "sha256:566d4ace928419d91f1eb3227fc9ef7b41cf0ad22e93dd2c3368d693cf144408"},
    {file = "psycopg_binary-3.2.6-cp313-cp313-musllinux_1_2_i686.whl", hash = "sha256:f1981f13b10de2f11cfa2f99a8738b35b3f0a0f3075861446894a8d3042430c0"},
    {file = "psycopg_binary-3.2.6-cp313-cp313-musllinux_1_2_ppc64le.whl", hash = "sha256:36f598300b55b3c983ae8df06473ad27333d2fd9f3e2cfdb913b3a5aaa3a8bcf"},
    {file = "psycopg_binary-3.2.6-cp313-cp313-musllinux_1_2_x86_64.whl", hash = "sha256:0f4699fa5fe1fffb0d6b2d14b31fd8c29b7ea7375f89d5989f002aaf21728b21"},
    {file = "psycopg_binary-3.2.6-cp313-cp313-win_amd64.whl", hash = "sha256:afe697b8b0071f497c5d4c0f41df9e038391534f5614f7fb3a8c1ca32d66e860"},
    {file = "psycopg_binary-3.2.6-cp38-cp38-macosx_10_9_x86_64.whl", hash = "sha256:da5554553b8d9fb7ab6bb1a37cc53f20ada9024916c60f40c09ab1a675323f2f"},
    {file = "psycopg_binary-3.2.6-cp38-cp38-manylinux_2_17_aarch64.manylinux2014_aarch64.whl", hash = "sha256:1b7e3ccc43c395edba8039c9e407b01ed1844304c7f2f4aa99d34d04ed067c83"},
    {file = "psycopg_binary-3.2.6-cp38-cp38-manylinux_2_17_i686.manylinux2014_i686.whl", hash = "sha256:8d55405efc8a96aa0ecb2d5d6af552d35c744f160b133fa690814a68d9a952c8"},
    {file = "psycopg_binary-3.2.6-cp38-cp38-manylinux_2_17_ppc64le.manylinux2014_ppc64le.whl", hash = "sha256:58d5cfb1687b69b3484a034d1aa6e5c11f0c1d46757e978ed59fab59ce83fd37"},
    {file = "psycopg_binary-3.2.6-cp38-cp38-manylinux_2_17_x86_64.manylinux2014_x86_64.whl", hash = "sha256:3761c4107dab218c32ce4b10b1ae5ed686d41b882bfcb05f5bebc2be9488442f"},
    {file = "psycopg_binary-3.2.6-cp38-cp38-musllinux_1_2_aarch64.whl", hash = "sha256:45f1526e12cb480586c74670f46563d3090fc2a93e859ccf71efae61f04cef4b"},
    {file = "psycopg_binary-3.2.6-cp38-cp38-musllinux_1_2_i686.whl", hash = "sha256:b4d4fd4415d5219785fb082e28d84be4fbd90c3bff3d861877db0aa6b0edd70b"},
    {file = "psycopg_binary-3.2.6-cp38-cp38-musllinux_1_2_ppc64le.whl", hash = "sha256:eb8a1e6b8130fee0b48107739e09553d50c6f031d0b3fcc33f885bb64fa01105"},
    {file = "psycopg_binary-3.2.6-cp38-cp38-musllinux_1_2_x86_64.whl", hash = "sha256:7adf1460c05f7366f0fe9cf2d24e46abca9eb621705322bbd0c3f3e3a5edb2b4"},
    {file = "psycopg_binary-3.2.6-cp38-cp38-win_amd64.whl", hash = "sha256:28505f52ceef60554b5ab3289bf5aed2e7e57fa8e9a59a979d82db944e256a6c"},
    {file = "psycopg_binary-3.2.6-cp39-cp39-macosx_10_9_x86_64.whl", hash = "sha256:260c43c329e668606388cee78ec0dab083a25c2c6e6f9cf74a130fd5a27b0f87"},
    {file = "psycopg_binary-3.2.6-cp39-cp39-macosx_11_0_arm64.whl", hash = "sha256:9870e51fad4684dbdec057fa757d65e61cb2acb16236836e9360044c2a1ec880"},
    {file = "psycopg_binary-3.2.6-cp39-cp39-manylinux_2_17_aarch64.manylinux2014_aarch64.whl", hash = "sha256:030e9c3082a931e972b029b3cef085784a3bf7f8e18367ae50d5b809aa6e1d87"},
    {file = "psycopg_binary-3.2.6-cp39-cp39-manylinux_2_17_i686.manylinux2014_i686.whl", hash = "sha256:b60c9ed291fbd5e777c2c630dcfd10b7a87d68512b0757d5e7406d9c4895a82a"},
    {file = "psycopg_binary-3.2.6-cp39-cp39-manylinux_2_17_ppc64le.manylinux2014_ppc64le.whl", hash = "sha256:2e0f4a17a9c376c195e403b4826c18f325bd28f425231d36d1036258bf893e23"},
    {file = "psycopg_binary-3.2.6-cp39-cp39-manylinux_2_17_x86_64.manylinux2014_x86_64.whl", hash = "sha256:ac46da609624b16d961f604b3cbc3233ef43211ef1456a188f8c427109c9c3e1"},
    {file = "psycopg_binary-3.2.6-cp39-cp39-musllinux_1_2_aarch64.whl", hash = "sha256:e77949b8e7014b85cee0bf6e9e041bcae7719b2693ebf59236368fb0b2a08814"},
    {file = "psycopg_binary-3.2.6-cp39-cp39-musllinux_1_2_i686.whl", hash = "sha256:532322d9ef6e7d178a4f344970b017110633bcc3dc1c3403efcef55aad612517"},
    {file = "psycopg_binary-3.2.6-cp39-cp39-musllinux_1_2_ppc64le.whl", hash = "sha256:880c5fd76dcb50bdcc8f87359e5a6c7eb416697cc9aa02854c91223bd999c045"},
    {file = "psycopg_binary-3.2.6-cp39-cp39-musllinux_1_2_x86_64.whl", hash = "sha256:3c0cddc7458b8416d77cd8829d0192466502f31d1fb853d58613cf13ac64f41c"},
    {file = "psycopg_binary-3.2.6-cp39-cp39-win_amd64.whl", hash = "sha256:ea158665676f42b19585dfe948071d3c5f28276f84a97522fb2e82c1d9194563"},
]

[[package]]
name = "pyjwt"
version = "2.9.0"
description = "JSON Web Token implementation in Python"
optional = false
python-versions = ">=3.8"
groups = ["main"]
files = [
    {file = "PyJWT-2.9.0-py3-none-any.whl", hash = "sha256:3b02fb0f44517787776cf48f2ae25d8e14f300e6d7545a4315cee571a415e850"},
    {file = "pyjwt-2.9.0.tar.gz", hash = "sha256:7e1e5b56cc735432a7369cbfa0efe50fa113ebecdc04ae6922deba8b84582d0c"},
]

[package.extras]
crypto = ["cryptography (>=3.4.0)"]
dev = ["coverage[toml] (==5.0.4)", "cryptography (>=3.4.0)", "pre-commit", "pytest (>=6.0.0,<7.0.0)", "sphinx", "sphinx-rtd-theme", "zope.interface"]
docs = ["sphinx", "sphinx-rtd-theme", "zope.interface"]
tests = ["coverage[toml] (==5.0.4)", "pytest (>=6.0.0,<7.0.0)"]

[[package]]
name = "pytest"
version = "8.3.5"
description = "pytest: simple powerful testing with Python"
optional = false
python-versions = ">=3.8"
groups = ["dev"]
files = [
    {file = "pytest-8.3.5-py3-none-any.whl", hash = "sha256:c69214aa47deac29fad6c2a4f590b9c4a9fdb16a403176fe154b79c0b4d4d820"},
    {file = "pytest-8.3.5.tar.gz", hash = "sha256:f4efe70cc14e511565ac476b57c279e12a855b11f48f212af1080ef2263d3845"},
]

[package.dependencies]
colorama = {version = "*", markers = "sys_platform == \"win32\""}
iniconfig = "*"
packaging = "*"
pluggy = ">=1.5,<2"

[package.extras]
dev = ["argcomplete", "attrs (>=19.2)", "hypothesis (>=3.56)", "mock", "pygments (>=2.7.2)", "requests", "setuptools", "xmlschema"]

[[package]]
name = "pytest-cov"
version = "6.1.1"
description = "Pytest plugin for measuring coverage."
optional = false
python-versions = ">=3.9"
groups = ["dev"]
files = [
    {file = "pytest_cov-6.1.1-py3-none-any.whl", hash = "sha256:bddf29ed2d0ab6f4df17b4c55b0a657287db8684af9c42ea546b21b1041b3dde"},
    {file = "pytest_cov-6.1.1.tar.gz", hash = "sha256:46935f7aaefba760e716c2ebfbe1c216240b9592966e7da99ea8292d4d3e2a0a"},
]

[package.dependencies]
coverage = {version = ">=7.5", extras = ["toml"]}
pytest = ">=4.6"

[package.extras]
testing = ["fields", "hunter", "process-tests", "pytest-xdist", "virtualenv"]

[[package]]
name = "pytest-django"
version = "4.11.1"
description = "A Django plugin for pytest."
optional = false
python-versions = ">=3.8"
groups = ["dev"]
files = [
    {file = "pytest_django-4.11.1-py3-none-any.whl", hash = "sha256:1b63773f648aa3d8541000c26929c1ea63934be1cfa674c76436966d73fe6a10"},
    {file = "pytest_django-4.11.1.tar.gz", hash = "sha256:a949141a1ee103cb0e7a20f1451d355f83f5e4a5d07bdd4dcfdd1fd0ff227991"},
]

[package.dependencies]
pytest = ">=7.0.0"

[package.extras]
docs = ["sphinx", "sphinx_rtd_theme"]
testing = ["Django", "django-configurations (>=2.0)"]

[[package]]
name = "sqlparse"
version = "0.5.3"
description = "A non-validating SQL parser."
optional = false
python-versions = ">=3.8"
groups = ["main"]
files = [
    {file = "sqlparse-0.5.3-py3-none-any.whl", hash = "sha256:cf2196ed3418f3ba5de6af7e82c694a9fbdbfecccdfc72e281548517081f16ca"},
    {file = "sqlparse-0.5.3.tar.gz", hash = "sha256:09f67787f56a0b16ecdbde1bfc7f5d9c3371ca683cfeaa8e6ff60b4807ec9272"},
]

[package.extras]
dev = ["build", "hatch"]
doc = ["sphinx"]

[[package]]
name = "typing-extensions"
version = "4.13.2"
description = "Backported and Experimental Type Hints for Python 3.8+"
optional = false
python-versions = ">=3.8"
groups = ["main"]
markers = "python_version == \"3.12\""
files = [
    {file = "typing_extensions-4.13.2-py3-none-any.whl", hash = "sha256:a439e7c04b49fec3e5d3e2beaa21755cadbbdc391694e28ccdd36ca4a1408f8c"},
    {file = "typing_extensions-4.13.2.tar.gz", hash = "sha256:e6c81219bd689f51865d9e372991c540bda33a0379d5573cddb9a3a23f7caaef"},
]

[[package]]
name = "tzdata"
version = "2025.2"
description = "Provider of IANA time zone data"
optional = false
python-versions = ">=2"
groups = ["main", "dev"]
files = [
    {file = "tzdata-2025.2-py2.py3-none-any.whl", hash = "sha256:1a403fada01ff9221ca8044d701868fa132215d84beb92242d9acd2147f667a8"},
    {file = "tzdata-2025.2.tar.gz", hash = "sha256:b60a638fcc0daffadf82fe0f57e53d06bdec2f36c4df66280ae79bce6bd6f2b9"},
]
markers = {main = "sys_platform == \"win32\""}

[metadata]
lock-version = "2.1"
python-versions = ">=3.12, <4"
content-hash = "e1c31a042d7a9fc6835f953b2e868e42f29d193fff6bc89a7eab23e2119aa52b"
